
Microsoft Visual Studio Solution File, Format Version 12.00
# Visual Studio Version 17
VisualStudioVersion = 17.9.34728.123
MinimumVisualStudioVersion = 10.0.40219.1
Project("{FAE04EC0-301F-11D3-BF4B-00C04F79EFBC}") = "WindowsActivation", "WindowsActivation\WindowsActivation.csproj", "{7D12B07A-0DA9-4885-A03F-98FB0CF409AE}"
EndProject
Global
	GlobalSection(SolutionConfigurationPlatforms) = preSolution
		Debug|Any CPU = Debug|Any CPU
		Release|Any CPU = Release|Any CPU
	EndGlobalSection
	GlobalSection(ProjectConfigurationPlatforms) = postSolution
		{7D12B07A-0DA9-4885-A03F-98FB0CF409AE}.Debug|Any CPU.ActiveCfg = Debug|Any CPU
		{7D12B07A-0DA9-4885-A03F-98FB0CF409AE}.Debug|Any CPU.Build.0 = Debug|Any CPU
		{7D12B07A-0DA9-4885-A03F-98FB0CF409AE}.Release|Any CPU.ActiveCfg = Release|Any CPU
		{7D12B07A-0DA9-4885-A03F-98FB0CF409AE}.Release|Any CPU.Build.0 = Release|Any CPU
	EndGlobalSection
	GlobalSection(SolutionProperties) = preSolution
		HideSolutionNode = FALSE
	EndGlobalSection
	GlobalSection(ExtensibilityGlobals) = postSolution
		SolutionGuid = {4D005A0E-B143-4D40-B383-7B186B2C1BDB}
	EndGlobalSection
EndGlobal
